
Microsoft Visual Studio Solution File, Format Version 12.00
# Visual Studio Version 17
VisualStudioVersion = 17.7.34024.191
MinimumVisualStudioVersion = 10.0.40219.1
Project("{FAE04EC0-301F-11D3-BF4B-00C04F79EFBC}") = "project1", "project1.csproj", "{4995989C-65A1-490F-AA1F-944BA37164F9}"
EndProject
Global
	GlobalSection(SolutionConfigurationPlatforms) = preSolution
		Debug|Any CPU = Debug|Any CPU
		Release|Any CPU = Release|Any CPU
	EndGlobalSection
	GlobalSection(ProjectConfigurationPlatforms) = postSolution
		{4995989C-65A1-490F-AA1F-944BA37164F9}.Debug|Any CPU.ActiveCfg = Debug|Any CPU
		{4995989C-65A1-490F-AA1F-944BA37164F9}.Debug|Any CPU.Build.0 = Debug|Any CPU
		{4995989C-65A1-490F-AA1F-944BA37164F9}.Release|Any CPU.ActiveCfg = Release|Any CPU
		{4995989C-65A1-490F-AA1F-944BA37164F9}.Release|Any CPU.Build.0 = Release|Any CPU
	EndGlobalSection
	GlobalSection(SolutionProperties) = preSolution
		HideSolutionNode = FALSE
	EndGlobalSection
	GlobalSection(ExtensibilityGlobals) = postSolution
		SolutionGuid = {EE88097C-4ED0-4885-9727-55320B7F5106}
	EndGlobalSection
EndGlobal
